{
  "object": {
    "pins": [
      {
        "package": "swift-nio",
        "repositoryURL": "https://github.com/Guang1234567/swift-nio.git",
        "state": {
          "branch": "master",
          "revision": "df46c621641612c842a1e5ddd7c037e39f44ca0d",
          "version": null
        }
      },
      {
        "package": "swift-nio-ssl",
        "repositoryURL": "https://github.com/Guang1234567/swift-nio-ssl.git",
        "state": {
          "branch": "master",
          "revision": "d0b983d52550569e6ba32d02e3a217bb19124b4e",
          "version": null
        }
      }
    ]
  },
  "version": 1
}
